<?xml version="1.0" encoding="UTF-8" standalone="yes" ?>
<CodeBlocks_project_file>
	<FileVersion major="1" minor="6" />
	<Project>
		<Option title="TheSnake" />
		<Option pch_mode="2" />
		<Option compiler="gcc" />
		<Build>
			<Target title="Debug">
				<Option output="bin/Debug/TheSnake" prefix_auto="1" extension_auto="1" />
				<Option object_output="obj/Debug/" />
				<Option type="1" />
				<Option compiler="gcc" />
				<Compiler>
					<Add option="-g" />
					<Add directory="base" />
					<Add directory="thesnake" />
				</Compiler>
			</Target>
			<Target title="Release">
				<Option output="bin/Release/TheSnake" prefix_auto="1" extension_auto="1" />
				<Option object_output="obj/Release/" />
				<Option type="1" />
				<Option compiler="gcc" />
				<Compiler>
					<Add option="-O2" />
					<Add directory="thesnake" />
					<Add directory="base" />
				</Compiler>
				<Linker>
					<Add option="-s" />
				</Linker>
			</Target>
		</Build>
		<Compiler>
			<Add option="-Wall" />
			<Add option="-fexceptions" />
		</Compiler>
		<Linker>
			<Add library="GL" />
			<Add library="GLEW" />
			<Add library="SDL2" />
		</Linker>
		<Unit filename="base/camera.h" />
		<Unit filename="base/collider.cpp" />
		<Unit filename="base/collider.h" />
		<Unit filename="base/display.cpp" />
		<Unit filename="base/display.h" />
		<Unit filename="base/game.cpp" />
		<Unit filename="base/game.h" />
		<Unit filename="base/gamefactory.cpp" />
		<Unit filename="base/gamefactory.h" />
		<Unit filename="base/gameobject.cpp" />
		<Unit filename="base/gameobject.h" />
		<Unit filename="base/gamestate.cpp" />
		<Unit filename="base/gamestate.h" />
		<Unit filename="base/materialized.cpp" />
		<Unit filename="base/materialized.h" />
		<Unit filename="base/mesh.cpp" />
		<Unit filename="base/mesh.h" />
		<Unit filename="base/obj_loader.cpp" />
		<Unit filename="base/obj_loader.h" />
		<Unit filename="base/renderable.cpp" />
		<Unit filename="base/renderable.h" />
		<Unit filename="base/shader.cpp" />
		<Unit filename="base/shader.h" />
		<Unit filename="base/stb_image.c">
			<Option compilerVar="CC" />
		</Unit>
		<Unit filename="base/stb_image.h" />
		<Unit filename="base/temporal.cpp" />
		<Unit filename="base/temporal.h" />
		<Unit filename="base/texture.cpp" />
		<Unit filename="base/texture.h" />
		<Unit filename="base/transform.h" />
		<Unit filename="main.cpp" />
		<Unit filename="res/snake_l1.txt" />
		<Unit filename="thesnake/apple.cpp" />
		<Unit filename="thesnake/apple.h" />
		<Unit filename="thesnake/snake.cpp" />
		<Unit filename="thesnake/snake.h" />
		<Unit filename="thesnake/walls.cpp" />
		<Unit filename="thesnake/walls.h" />
		<Extensions>
			<code_completion />
			<debugger />
		</Extensions>
	</Project>
</CodeBlocks_project_file>
