<?xml version="1.0" encoding="UTF-8" standalone="yes" ?>
<CodeBlocks_project_file>
	<FileVersion major="1" minor="6" />
	<Project>
		<Option title="TheSnake" />
		<Option pch_mode="2" />
		<Option compiler="gcc" />
		<Build>
			<Target title="Debug">
				<Option output="bin/Debug/TheSnake" prefix_auto="1" extension_auto="1" />
				<Option object_output="obj/Debug/" />
				<Option type="1" />
				<Option compiler="gcc" />
				<Compiler>
					<Add option="-g" />
				</Compiler>
			</Target>
			<Target title="Release">
				<Option output="bin/Release/TheSnake" prefix_auto="1" extension_auto="1" />
				<Option object_output="obj/Release/" />
				<Option type="1" />
				<Option compiler="gcc" />
				<Compiler>
					<Add option="-O2" />
				</Compiler>
				<Linker>
					<Add option="-s" />
				</Linker>
			</Target>
		</Build>
		<Compiler>
			<Add option="-Wall" />
			<Add option="-fexceptions" />
		</Compiler>
		<Linker>
			<Add library="GL" />
			<Add library="GLEW" />
			<Add library="SDL2" />
		</Linker>
		<Unit filename="apple.cpp" />
		<Unit filename="apple.h" />
		<Unit filename="camera.h" />
		<Unit filename="collider.cpp" />
		<Unit filename="collider.h" />
		<Unit filename="collisioncomponent.cpp" />
		<Unit filename="collisioncomponent.h" />
		<Unit filename="component.cpp" />
		<Unit filename="component.h" />
		<Unit filename="display.cpp" />
		<Unit filename="display.h" />
		<Unit filename="game.cpp" />
		<Unit filename="game.h" />
		<Unit filename="gamefactory.cpp" />
		<Unit filename="gamefactory.h" />
		<Unit filename="gameobject.cpp" />
		<Unit filename="gameobject.h" />
		<Unit filename="gamestate.cpp" />
		<Unit filename="gamestate.h" />
		<Unit filename="main.cpp" />
		<Unit filename="materialized.cpp" />
		<Unit filename="materialized.h" />
		<Unit filename="mesh.cpp" />
		<Unit filename="mesh.h" />
		<Unit filename="obj_loader.cpp" />
		<Unit filename="obj_loader.h" />
		<Unit filename="renderable.cpp" />
		<Unit filename="renderable.h" />
		<Unit filename="shader.cpp" />
		<Unit filename="shader.h" />
		<Unit filename="snake.cpp" />
		<Unit filename="snake.h" />
		<Unit filename="stb_image.c">
			<Option compilerVar="CC" />
		</Unit>
		<Unit filename="stb_image.h" />
		<Unit filename="temporal.cpp" />
		<Unit filename="temporal.h" />
		<Unit filename="texture.cpp" />
		<Unit filename="texture.h" />
		<Unit filename="transform.h" />
		<Unit filename="walls.cpp" />
		<Unit filename="walls.h" />
		<Extensions>
			<code_completion />
			<debugger />
		</Extensions>
	</Project>
</CodeBlocks_project_file>
